# @generated by Move, please check-in and do not edit manually.

[move]
version = 1
manifest_digest = "5A9DCB66D71C3D5A79677339F458F80DA10A5680D55E63F691A974C9D954C58D"
deps_digest = "F8BBB0CCB2491CA29A3DF03D6F92277A4F3574266507ACD77214D37ECA3F3082"
dependencies = [
  { name = "Sui" },
]

[[move.package]]
name = "MoveStdlib"
source = { git = "https://github.com/MystenLabs/sui.git", rev = "framework/testnet", subdir = "crates/sui-framework/packages/move-stdlib" }

[[move.package]]
name = "Sui"
source = { git = "https://github.com/MystenLabs/sui.git", rev = "framework/testnet", subdir = "crates/sui-framework/packages/sui-framework" }

dependencies = [
  { name = "MoveStdlib" },
]

[move.toolchain-version]
compiler-version = "1.24.1"
edition = "2024.beta"
flavor = "sui"

[env]

[env.devnet]
chain-id = "f4950f51"
original-published-id = "0x378f04348f5578fa58b0bb8a2af034e7196b1819819c033923577f8f09b058e2"
latest-published-id = "0x378f04348f5578fa58b0bb8a2af034e7196b1819819c033923577f8f09b058e2"
published-version = "1"

[env.testnet]
chain-id = "4c78adac"
original-published-id = "0x0711a02c4e2ba28fce3d9c095a259f622b0502bfc1b96e77b6c0dc136199729f"
latest-published-id = "0x0711a02c4e2ba28fce3d9c095a259f622b0502bfc1b96e77b6c0dc136199729f"
published-version = "1"
